
Microsoft Visual Studio Solution File, Format Version 12.00
# Visual Studio Version 16
VisualStudioVersion = 16.0.30621.155
MinimumVisualStudioVersion = 10.0.40219.1
Project("{E24C65DC-7377-472B-9ABA-BC803B73C61A}") = "uriproject30precent", ".", "{B590AD9D-AB5D-4DBB-958C-CFC8143AE5A5}"
	ProjectSection(WebsiteProperties) = preProject
		TargetFrameworkMoniker = ".NETFramework,Version%3Dv4.7.2"
		Debug.AspNetCompiler.VirtualPath = "/localhost_52522"
		Debug.AspNetCompiler.PhysicalPath = "..\uriproject30precent\"
		Debug.AspNetCompiler.TargetPath = "PrecompiledWeb\localhost_52522\"
		Debug.AspNetCompiler.Updateable = "true"
		Debug.AspNetCompiler.ForceOverwrite = "true"
		Debug.AspNetCompiler.FixedNames = "false"
		Debug.AspNetCompiler.Debug = "True"
		Release.AspNetCompiler.VirtualPath = "/localhost_52522"
		Release.AspNetCompiler.PhysicalPath = "..\uriproject30precent\"
		Release.AspNetCompiler.TargetPath = "PrecompiledWeb\localhost_52522\"
		Release.AspNetCompiler.Updateable = "true"
		Release.AspNetCompiler.ForceOverwrite = "true"
		Release.AspNetCompiler.FixedNames = "false"
		Release.AspNetCompiler.Debug = "False"
		VWDPort = "52522"
		SlnRelativePath = "..\uriproject30precent\"
		DefaultWebSiteLanguage = "Visual C#"
	EndProjectSection
EndProject
Global
	GlobalSection(SolutionConfigurationPlatforms) = preSolution
		Debug|Any CPU = Debug|Any CPU
	EndGlobalSection
	GlobalSection(ProjectConfigurationPlatforms) = postSolution
		{B590AD9D-AB5D-4DBB-958C-CFC8143AE5A5}.Debug|Any CPU.ActiveCfg = Debug|Any CPU
		{B590AD9D-AB5D-4DBB-958C-CFC8143AE5A5}.Debug|Any CPU.Build.0 = Debug|Any CPU
	EndGlobalSection
	GlobalSection(SolutionProperties) = preSolution
		HideSolutionNode = FALSE
	EndGlobalSection
	GlobalSection(ExtensibilityGlobals) = postSolution
		SolutionGuid = {92106BF9-3200-480B-AEE8-65195817AFD9}
	EndGlobalSection
EndGlobal
